// !$*UTF8*$!
{
	archiveVersion = 1;
	classes = {
	};
	objectVersion = 56;
	objects = {

/* Begin PBXBuildFile section */
		838C2DFD2BF8C5D600879775 /* GlobeTrailApp.swift in Sources */ = {isa = PBXBuildFile; fileRef = 838C2DFC2BF8C5D600879775 /* GlobeTrailApp.swift */; };
		838C2DFF2BF8C5D600879775 /* ContentView.swift in Sources */ = {isa = PBXBuildFile; fileRef = 838C2DFE2BF8C5D600879775 /* ContentView.swift */; };
		838C2E012BF8C5D800879775 /* Assets.xcassets in Resources */ = {isa = PBXBuildFile; fileRef = 838C2E002BF8C5D800879775 /* Assets.xcassets */; };
		838C2E042BF8C5D800879775 /* Preview Assets.xcassets in Resources */ = {isa = PBXBuildFile; fileRef = 838C2E032BF8C5D800879775 /* Preview Assets.xcassets */; };
		83DE5B572BFA0B7C0083C0A7 /* locations.json in Resources */ = {isa = PBXBuildFile; fileRef = 83DE5B562BFA0B7C0083C0A7 /* locations.json */; };
		83DE5B592BFA0B860083C0A7 /* tips.json in Resources */ = {isa = PBXBuildFile; fileRef = 83DE5B582BFA0B860083C0A7 /* tips.json */; };
		83DE5B5B2BFA2D5B0083C0A7 /* location.swift in Sources */ = {isa = PBXBuildFile; fileRef = 83DE5B5A2BFA2D5B0083C0A7 /* location.swift */; };
		83DE5B5D2BFA58200083C0A7 /* Locations.swift in Sources */ = {isa = PBXBuildFile; fileRef = 83DE5B5C2BFA58200083C0A7 /* Locations.swift */; };
		83DE5B5F2BFA6E6D0083C0A7 /* GlobeView.swift in Sources */ = {isa = PBXBuildFile; fileRef = 83DE5B5E2BFA6E6D0083C0A7 /* GlobeView.swift */; };
		83DE5B612BFA85D50083C0A7 /* Tip.swift in Sources */ = {isa = PBXBuildFile; fileRef = 83DE5B602BFA85D50083C0A7 /* Tip.swift */; };
		83DE5B632BFA86D70083C0A7 /* TIpsView.swift in Sources */ = {isa = PBXBuildFile; fileRef = 83DE5B622BFA86D70083C0A7 /* TIpsView.swift */; };
/* End PBXBuildFile section */

/* Begin PBXFileReference section */
		838C2DF92BF8C5D600879775 /* GlobeTrail.app */ = {isa = PBXFileReference; explicitFileType = wrapper.application; includeInIndex = 0; path = GlobeTrail.app; sourceTree = BUILT_PRODUCTS_DIR; };
		838C2DFC2BF8C5D600879775 /* GlobeTrailApp.swift */ = {isa = PBXFileReference; lastKnownFileType = sourcecode.swift; path = GlobeTrailApp.swift; sourceTree = "<group>"; };
		838C2DFE2BF8C5D600879775 /* ContentView.swift */ = {isa = PBXFileReference; lastKnownFileType = sourcecode.swift; path = ContentView.swift; sourceTree = "<group>"; };
		838C2E002BF8C5D800879775 /* Assets.xcassets */ = {isa = PBXFileReference; lastKnownFileType = folder.assetcatalog; path = Assets.xcassets; sourceTree = "<group>"; };
		838C2E032BF8C5D800879775 /* Preview Assets.xcassets */ = {isa = PBXFileReference; lastKnownFileType = folder.assetcatalog; path = "Preview Assets.xcassets"; sourceTree = "<group>"; };
		83DE5B562BFA0B7C0083C0A7 /* locations.json */ = {isa = PBXFileReference; fileEncoding = 4; lastKnownFileType = text.json; path = locations.json; sourceTree = "<group>"; };
		83DE5B582BFA0B860083C0A7 /* tips.json */ = {isa = PBXFileReference; fileEncoding = 4; lastKnownFileType = text.json; path = tips.json; sourceTree = "<group>"; };
		83DE5B5A2BFA2D5B0083C0A7 /* location.swift */ = {isa = PBXFileReference; lastKnownFileType = sourcecode.swift; path = location.swift; sourceTree = "<group>"; };
		83DE5B5C2BFA58200083C0A7 /* Locations.swift */ = {isa = PBXFileReference; lastKnownFileType = sourcecode.swift; path = Locations.swift; sourceTree = "<group>"; };
		83DE5B5E2BFA6E6D0083C0A7 /* GlobeView.swift */ = {isa = PBXFileReference; lastKnownFileType = sourcecode.swift; path = GlobeView.swift; sourceTree = "<group>"; };
		83DE5B602BFA85D50083C0A7 /* Tip.swift */ = {isa = PBXFileReference; lastKnownFileType = sourcecode.swift; path = Tip.swift; sourceTree = "<group>"; };
		83DE5B622BFA86D70083C0A7 /* TIpsView.swift */ = {isa = PBXFileReference; lastKnownFileType = sourcecode.swift; path = TIpsView.swift; sourceTree = "<group>"; };
/* End PBXFileReference section */

/* Begin PBXFrameworksBuildPhase section */
		838C2DF62BF8C5D600879775 /* Frameworks */ = {
			isa = PBXFrameworksBuildPhase;
			buildActionMask = 2147483647;
			files = (
			);
			runOnlyForDeploymentPostprocessing = 0;
		};
/* End PBXFrameworksBuildPhase section */

/* Begin PBXGroup section */
		838C2DF02BF8C5D600879775 = {
			isa = PBXGroup;
			children = (
				838C2DFB2BF8C5D600879775 /* GlobeTrail */,
				838C2DFA2BF8C5D600879775 /* Products */,
			);
			sourceTree = "<group>";
		};
		838C2DFA2BF8C5D600879775 /* Products */ = {
			isa = PBXGroup;
			children = (
				838C2DF92BF8C5D600879775 /* GlobeTrail.app */,
			);
			name = Products;
			sourceTree = "<group>";
		};
		838C2DFB2BF8C5D600879775 /* GlobeTrail */ = {
			isa = PBXGroup;
			children = (
				838C2DFC2BF8C5D600879775 /* GlobeTrailApp.swift */,
				83DE5B5E2BFA6E6D0083C0A7 /* GlobeView.swift */,
				83DE5B602BFA85D50083C0A7 /* Tip.swift */,
				83DE5B622BFA86D70083C0A7 /* TIpsView.swift */,
				838C2DFE2BF8C5D600879775 /* ContentView.swift */,
				83DE5B5C2BFA58200083C0A7 /* Locations.swift */,
				83DE5B5A2BFA2D5B0083C0A7 /* location.swift */,
				83DE5B562BFA0B7C0083C0A7 /* locations.json */,
				838C2E002BF8C5D800879775 /* Assets.xcassets */,
				83DE5B582BFA0B860083C0A7 /* tips.json */,
				838C2E022BF8C5D800879775 /* Preview Content */,
			);
			path = GlobeTrail;
			sourceTree = "<group>";
		};
		838C2E022BF8C5D800879775 /* Preview Content */ = {
			isa = PBXGroup;
			children = (
				838C2E032BF8C5D800879775 /* Preview Assets.xcassets */,
			);
			path = "Preview Content";
			sourceTree = "<group>";
		};
/* End PBXGroup section */

/* Begin PBXNativeTarget section */
		838C2DF82BF8C5D600879775 /* GlobeTrail */ = {
			isa = PBXNativeTarget;
			buildConfigurationList = 838C2E072BF8C5D800879775 /* Build configuration list for PBXNativeTarget "GlobeTrail" */;
			buildPhases = (
				838C2DF52BF8C5D600879775 /* Sources */,
				838C2DF62BF8C5D600879775 /* Frameworks */,
				838C2DF72BF8C5D600879775 /* Resources */,
			);
			buildRules = (
			);
			dependencies = (
			);
			name = GlobeTrail;
			productName = GlobeTrail;
			productReference = 838C2DF92BF8C5D600879775 /* GlobeTrail.app */;
			productType = "com.apple.product-type.application";
		};
/* End PBXNativeTarget section */

/* Begin PBXProject section */
		838C2DF12BF8C5D600879775 /* Project object */ = {
			isa = PBXProject;
			attributes = {
				BuildIndependentTargetsInParallel = 1;
				LastSwiftUpdateCheck = 1430;
				LastUpgradeCheck = 1430;
				TargetAttributes = {
					838C2DF82BF8C5D600879775 = {
						CreatedOnToolsVersion = 14.3.1;
					};
				};
			};
			buildConfigurationList = 838C2DF42BF8C5D600879775 /* Build configuration list for PBXProject "GlobeTrail" */;
			compatibilityVersion = "Xcode 14.0";
			developmentRegion = en;
			hasScannedForEncodings = 0;
			knownRegions = (
				en,
				Base,
			);
			mainGroup = 838C2DF02BF8C5D600879775;
			productRefGroup = 838C2DFA2BF8C5D600879775 /* Products */;
			projectDirPath = "";
			projectRoot = "";
			targets = (
				838C2DF82BF8C5D600879775 /* GlobeTrail */,
			);
		};
/* End PBXProject section */

/* Begin PBXResourcesBuildPhase section */
		838C2DF72BF8C5D600879775 /* Resources */ = {
			isa = PBXResourcesBuildPhase;
			buildActionMask = 2147483647;
			files = (
				838C2E042BF8C5D800879775 /* Preview Assets.xcassets in Resources */,
				83DE5B592BFA0B860083C0A7 /* tips.json in Resources */,
				83DE5B572BFA0B7C0083C0A7 /* locations.json in Resources */,
				838C2E012BF8C5D800879775 /* Assets.xcassets in Resources */,
			);
			runOnlyForDeploymentPostprocessing = 0;
		};
/* End PBXResourcesBuildPhase section */

/* Begin PBXSourcesBuildPhase section */
		838C2DF52BF8C5D600879775 /* Sources */ = {
			isa = PBXSourcesBuildPhase;
			buildActionMask = 2147483647;
			files = (
				83DE5B5B2BFA2D5B0083C0A7 /* location.swift in Sources */,
				83DE5B632BFA86D70083C0A7 /* TIpsView.swift in Sources */,
				838C2DFF2BF8C5D600879775 /* ContentView.swift in Sources */,
				83DE5B5F2BFA6E6D0083C0A7 /* GlobeView.swift in Sources */,
				83DE5B612BFA85D50083C0A7 /* Tip.swift in Sources */,
				83DE5B5D2BFA58200083C0A7 /* Locations.swift in Sources */,
				838C2DFD2BF8C5D600879775 /* GlobeTrailApp.swift in Sources */,
			);
			runOnlyForDeploymentPostprocessing = 0;
		};
/* End PBXSourcesBuildPhase section */

/* Begin XCBuildConfiguration section */
		838C2E052BF8C5D800879775 /* Debug */ = {
			isa = XCBuildConfiguration;
			buildSettings = {
				ALWAYS_SEARCH_USER_PATHS = NO;
				CLANG_ANALYZER_NONNULL = YES;
				CLANG_ANALYZER_NUMBER_OBJECT_CONVERSION = YES_AGGRESSIVE;
				CLANG_CXX_LANGUAGE_STANDARD = "gnu++20";
				CLANG_ENABLE_MODULES = YES;
				CLANG_ENABLE_OBJC_ARC = YES;
				CLANG_ENABLE_OBJC_WEAK = YES;
				CLANG_WARN_BLOCK_CAPTURE_AUTORELEASING = YES;
				CLANG_WARN_BOOL_CONVERSION = YES;
				CLANG_WARN_COMMA = YES;
				CLANG_WARN_CONSTANT_CONVERSION = YES;
				CLANG_WARN_DEPRECATED_OBJC_IMPLEMENTATIONS = YES;
				CLANG_WARN_DIRECT_OBJC_ISA_USAGE = YES_ERROR;
				CLANG_WARN_DOCUMENTATION_COMMENTS = YES;
				CLANG_WARN_EMPTY_BODY = YES;
				CLANG_WARN_ENUM_CONVERSION = YES;
				CLANG_WARN_INFINITE_RECURSION = YES;
				CLANG_WARN_INT_CONVERSION = YES;
				CLANG_WARN_NON_LITERAL_NULL_CONVERSION = YES;
				CLANG_WARN_OBJC_IMPLICIT_RETAIN_SELF = YES;
				CLANG_WARN_OBJC_LITERAL_CONVERSION = YES;
				CLANG_WARN_OBJC_ROOT_CLASS = YES_ERROR;
				CLANG_WARN_QUOTED_INCLUDE_IN_FRAMEWORK_HEADER = YES;
				CLANG_WARN_RANGE_LOOP_ANALYSIS = YES;
				CLANG_WARN_STRICT_PROTOTYPES = YES;
				CLANG_WARN_SUSPICIOUS_MOVE = YES;
				CLANG_WARN_UNGUARDED_AVAILABILITY = YES_AGGRESSIVE;
				CLANG_WARN_UNREACHABLE_CODE = YES;
				CLANG_WARN__DUPLICATE_METHOD_MATCH = YES;
				COPY_PHASE_STRIP = NO;
				DEBUG_INFORMATION_FORMAT = dwarf;
				ENABLE_STRICT_OBJC_MSGSEND = YES;
				ENABLE_TESTABILITY = YES;
				GCC_C_LANGUAGE_STANDARD = gnu11;
				GCC_DYNAMIC_NO_PIC = NO;
				GCC_NO_COMMON_BLOCKS = YES;
				GCC_OPTIMIZATION_LEVEL = 0;
				GCC_PREPROCESSOR_DEFINITIONS = (
					"DEBUG=1",
					"$(inherited)",
				);
				GCC_WARN_64_TO_32_BIT_CONVERSION = YES;
				GCC_WARN_ABOUT_RETURN_TYPE = YES_ERROR;
				GCC_WARN_UNDECLARED_SELECTOR = YES;
				GCC_WARN_UNINITIALIZED_AUTOS = YES_AGGRESSIVE;
				GCC_WARN_UNUSED_FUNCTION = YES;
				GCC_WARN_UNUSED_VARIABLE = YES;
				IPHONEOS_DEPLOYMENT_TARGET = 16.4;
				MTL_ENABLE_DEBUG_INFO = INCLUDE_SOURCE;
				MTL_FAST_MATH = YES;
				ONLY_ACTIVE_ARCH = YES;
				SDKROOT = iphoneos;
				SWIFT_ACTIVE_COMPILATION_CONDITIONS = DEBUG;
				SWIFT_OPTIMIZATION_LEVEL = "-Onone";
			};
			name = Debug;
		};
		838C2E062BF8C5D800879775 /* Release */ = {
			isa = XCBuildConfiguration;
			buildSettings = {
				ALWAYS_SEARCH_USER_PATHS = NO;
				CLANG_ANALYZER_NONNULL = YES;
				CLANG_ANALYZER_NUMBER_OBJECT_CONVERSION = YES_AGGRESSIVE;
				CLANG_CXX_LANGUAGE_STANDARD = "gnu++20";
				CLANG_ENABLE_MODULES = YES;
				CLANG_ENABLE_OBJC_ARC = YES;
				CLANG_ENABLE_OBJC_WEAK = YES;
				CLANG_WARN_BLOCK_CAPTURE_AUTORELEASING = YES;
				CLANG_WARN_BOOL_CONVERSION = YES;
				CLANG_WARN_COMMA = YES;
				CLANG_WARN_CONSTANT_CONVERSION = YES;
				CLANG_WARN_DEPRECATED_OBJC_IMPLEMENTATIONS = YES;
				CLANG_WARN_DIRECT_OBJC_ISA_USAGE = YES_ERROR;
				CLANG_WARN_DOCUMENTATION_COMMENTS = YES;
				CLANG_WARN_EMPTY_BODY = YES;
				CLANG_WARN_ENUM_CONVERSION = YES;
				CLANG_WARN_INFINITE_RECURSION = YES;
				CLANG_WARN_INT_CONVERSION = YES;
				CLANG_WARN_NON_LITERAL_NULL_CONVERSION = YES;
				CLANG_WARN_OBJC_IMPLICIT_RETAIN_SELF = YES;
				CLANG_WARN_OBJC_LITERAL_CONVERSION = YES;
				CLANG_WARN_OBJC_ROOT_CLASS = YES_ERROR;
				CLANG_WARN_QUOTED_INCLUDE_IN_FRAMEWORK_HEADER = YES;
				CLANG_WARN_RANGE_LOOP_ANALYSIS = YES;
				CLANG_WARN_STRICT_PROTOTYPES = YES;
				CLANG_WARN_SUSPICIOUS_MOVE = YES;
				CLANG_WARN_UNGUARDED_AVAILABILITY = YES_AGGRESSIVE;
				CLANG_WARN_UNREACHABLE_CODE = YES;
				CLANG_WARN__DUPLICATE_METHOD_MATCH = YES;
				COPY_PHASE_STRIP = NO;
				DEBUG_INFORMATION_FORMAT = "dwarf-with-dsym";
				ENABLE_NS_ASSERTIONS = NO;
				ENABLE_STRICT_OBJC_MSGSEND = YES;
				GCC_C_LANGUAGE_STANDARD = gnu11;
				GCC_NO_COMMON_BLOCKS = YES;
				GCC_WARN_64_TO_32_BIT_CONVERSION = YES;
				GCC_WARN_ABOUT_RETURN_TYPE = YES_ERROR;
				GCC_WARN_UNDECLARED_SELECTOR = YES;
				GCC_WARN_UNINITIALIZED_AUTOS = YES_AGGRESSIVE;
				GCC_WARN_UNUSED_FUNCTION = YES;
				GCC_WARN_UNUSED_VARIABLE = YES;
				IPHONEOS_DEPLOYMENT_TARGET = 16.4;
				MTL_ENABLE_DEBUG_INFO = NO;
				MTL_FAST_MATH = YES;
				SDKROOT = iphoneos;
				SWIFT_COMPILATION_MODE = wholemodule;
				SWIFT_OPTIMIZATION_LEVEL = "-O";
				VALIDATE_PRODUCT = YES;
			};
			name = Release;
		};
		838C2E082BF8C5D800879775 /* Debug */ = {
			isa = XCBuildConfiguration;
			buildSettings = {
				ASSETCATALOG_COMPILER_APPICON_NAME = AppIcon;
				ASSETCATALOG_COMPILER_GLOBAL_ACCENT_COLOR_NAME = AccentColor;
				CODE_SIGN_STYLE = Automatic;
				CURRENT_PROJECT_VERSION = 1;
				DEVELOPMENT_ASSET_PATHS = "\"GlobeTrail/Preview Content\"";
				ENABLE_PREVIEWS = YES;
				GENERATE_INFOPLIST_FILE = YES;
				INFOPLIST_KEY_UIApplicationSceneManifest_Generation = YES;
				INFOPLIST_KEY_UIApplicationSupportsIndirectInputEvents = YES;
				INFOPLIST_KEY_UILaunchScreen_Generation = YES;
				INFOPLIST_KEY_UISupportedInterfaceOrientations_iPad = "UIInterfaceOrientationPortrait UIInterfaceOrientationPortraitUpsideDown UIInterfaceOrientationLandscapeLeft UIInterfaceOrientationLandscapeRight";
				INFOPLIST_KEY_UISupportedInterfaceOrientations_iPhone = "UIInterfaceOrientationPortrait UIInterfaceOrientationLandscapeLeft UIInterfaceOrientationLandscapeRight";
				LD_RUNPATH_SEARCH_PATHS = (
					"$(inherited)",
					"@executable_path/Frameworks",
				);
				MARKETING_VERSION = 1.0;
				PRODUCT_BUNDLE_IDENTIFIER = "Seneen-Khan.GlobeTrail";
				PRODUCT_NAME = "$(TARGET_NAME)";
				SWIFT_EMIT_LOC_STRINGS = YES;
				SWIFT_VERSION = 5.0;
				TARGETED_DEVICE_FAMILY = "1,2";
			};
			name = Debug;
		};
		838C2E092BF8C5D800879775 /* Release */ = {
			isa = XCBuildConfiguration;
			buildSettings = {
				ASSETCATALOG_COMPILER_APPICON_NAME = AppIcon;
				ASSETCATALOG_COMPILER_GLOBAL_ACCENT_COLOR_NAME = AccentColor;
				CODE_SIGN_STYLE = Automatic;
				CURRENT_PROJECT_VERSION = 1;
				DEVELOPMENT_ASSET_PATHS = "\"GlobeTrail/Preview Content\"";
				ENABLE_PREVIEWS = YES;
				GENERATE_INFOPLIST_FILE = YES;
				INFOPLIST_KEY_UIApplicationSceneManifest_Generation = YES;
				INFOPLIST_KEY_UIApplicationSupportsIndirectInputEvents = YES;
				INFOPLIST_KEY_UILaunchScreen_Generation = YES;
				INFOPLIST_KEY_UISupportedInterfaceOrientations_iPad = "UIInterfaceOrientationPortrait UIInterfaceOrientationPortraitUpsideDown UIInterfaceOrientationLandscapeLeft UIInterfaceOrientationLandscapeRight";
				INFOPLIST_KEY_UISupportedInterfaceOrientations_iPhone = "UIInterfaceOrientationPortrait UIInterfaceOrientationLandscapeLeft UIInterfaceOrientationLandscapeRight";
				LD_RUNPATH_SEARCH_PATHS = (
					"$(inherited)",
					"@executable_path/Frameworks",
				);
				MARKETING_VERSION = 1.0;
				PRODUCT_BUNDLE_IDENTIFIER = "Seneen-Khan.GlobeTrail";
				PRODUCT_NAME = "$(TARGET_NAME)";
				SWIFT_EMIT_LOC_STRINGS = YES;
				SWIFT_VERSION = 5.0;
				TARGETED_DEVICE_FAMILY = "1,2";
			};
			name = Release;
		};
/* End XCBuildConfiguration section */

/* Begin XCConfigurationList section */
		838C2DF42BF8C5D600879775 /* Build configuration list for PBXProject "GlobeTrail" */ = {
			isa = XCConfigurationList;
			buildConfigurations = (
				838C2E052BF8C5D800879775 /* Debug */,
				838C2E062BF8C5D800879775 /* Release */,
			);
			defaultConfigurationIsVisible = 0;
			defaultConfigurationName = Release;
		};
		838C2E072BF8C5D800879775 /* Build configuration list for PBXNativeTarget "GlobeTrail" */ = {
			isa = XCConfigurationList;
			buildConfigurations = (
				838C2E082BF8C5D800879775 /* Debug */,
				838C2E092BF8C5D800879775 /* Release */,
			);
			defaultConfigurationIsVisible = 0;
			defaultConfigurationName = Release;
		};
/* End XCConfigurationList section */
	};
	rootObject = 838C2DF12BF8C5D600879775 /* Project object */;
}
